
Microsoft Visual Studio Solution File, Format Version 12.00
# Visual Studio Version 16
VisualStudioVersion = 16.0.31624.102
MinimumVisualStudioVersion = 10.0.40219.1
Project("{9A19103F-16F7-4668-BE54-9A1E7A4F7556}") = "ClassLibraryTicketSystem", "ClassLibraryTicketSystem\ClassLibraryTicketSystem.csproj", "{E03253D9-5B87-43D4-A478-8ED05ED2C266}"
EndProject
Project("{9A19103F-16F7-4668-BE54-9A1E7A4F7556}") = "ClassLibraryTicketSystemTests", "ClassLibraryTicketSystemTests\ClassLibraryTicketSystemTests.csproj", "{F8C3414D-229A-442E-A654-B0697AA111E9}"
EndProject
Project("{9A19103F-16F7-4668-BE54-9A1E7A4F7556}") = "Oresundbron", "Oresundbron\Oresundbron.csproj", "{655C4CA3-7C36-4972-A95F-5CB1D27E07FE}"
EndProject
Project("{9A19103F-16F7-4668-BE54-9A1E7A4F7556}") = "StoreBaeltTicketLibrary", "Storebæltsbroen\StoreBaeltTicketLibrary.csproj", "{721DE98B-38B3-40CA-B6A5-E5C3DCF90E7A}"
EndProject
Project("{9A19103F-16F7-4668-BE54-9A1E7A4F7556}") = "StoreBaeltTicketLibraryTests", "StoreBaeltTicketLibraryTests\StoreBaeltTicketLibraryTests.csproj", "{D9FF1DF3-F5CD-4B33-8FD1-DC60113235CD}"
EndProject
Project("{FAE04EC0-301F-11D3-BF4B-00C04F79EFBC}") = "OresundbronTests", "OresundbronTests\OresundbronTests.csproj", "{9A663AFA-AE55-44B4-8401-61FE8F7B4C7F}"
EndProject
Global
	GlobalSection(SolutionConfigurationPlatforms) = preSolution
		Debug|Any CPU = Debug|Any CPU
		Release|Any CPU = Release|Any CPU
	EndGlobalSection
	GlobalSection(ProjectConfigurationPlatforms) = postSolution
		{E03253D9-5B87-43D4-A478-8ED05ED2C266}.Debug|Any CPU.ActiveCfg = Debug|Any CPU
		{E03253D9-5B87-43D4-A478-8ED05ED2C266}.Debug|Any CPU.Build.0 = Debug|Any CPU
		{E03253D9-5B87-43D4-A478-8ED05ED2C266}.Release|Any CPU.ActiveCfg = Release|Any CPU
		{E03253D9-5B87-43D4-A478-8ED05ED2C266}.Release|Any CPU.Build.0 = Release|Any CPU
		{F8C3414D-229A-442E-A654-B0697AA111E9}.Debug|Any CPU.ActiveCfg = Debug|Any CPU
		{F8C3414D-229A-442E-A654-B0697AA111E9}.Debug|Any CPU.Build.0 = Debug|Any CPU
		{F8C3414D-229A-442E-A654-B0697AA111E9}.Release|Any CPU.ActiveCfg = Release|Any CPU
		{F8C3414D-229A-442E-A654-B0697AA111E9}.Release|Any CPU.Build.0 = Release|Any CPU
		{655C4CA3-7C36-4972-A95F-5CB1D27E07FE}.Debug|Any CPU.ActiveCfg = Debug|Any CPU
		{655C4CA3-7C36-4972-A95F-5CB1D27E07FE}.Debug|Any CPU.Build.0 = Debug|Any CPU
		{655C4CA3-7C36-4972-A95F-5CB1D27E07FE}.Release|Any CPU.ActiveCfg = Release|Any CPU
		{655C4CA3-7C36-4972-A95F-5CB1D27E07FE}.Release|Any CPU.Build.0 = Release|Any CPU
		{721DE98B-38B3-40CA-B6A5-E5C3DCF90E7A}.Debug|Any CPU.ActiveCfg = Debug|Any CPU
		{721DE98B-38B3-40CA-B6A5-E5C3DCF90E7A}.Debug|Any CPU.Build.0 = Debug|Any CPU
		{721DE98B-38B3-40CA-B6A5-E5C3DCF90E7A}.Release|Any CPU.ActiveCfg = Release|Any CPU
		{721DE98B-38B3-40CA-B6A5-E5C3DCF90E7A}.Release|Any CPU.Build.0 = Release|Any CPU
		{D9FF1DF3-F5CD-4B33-8FD1-DC60113235CD}.Debug|Any CPU.ActiveCfg = Debug|Any CPU
		{D9FF1DF3-F5CD-4B33-8FD1-DC60113235CD}.Debug|Any CPU.Build.0 = Debug|Any CPU
		{D9FF1DF3-F5CD-4B33-8FD1-DC60113235CD}.Release|Any CPU.ActiveCfg = Release|Any CPU
		{D9FF1DF3-F5CD-4B33-8FD1-DC60113235CD}.Release|Any CPU.Build.0 = Release|Any CPU
		{9A663AFA-AE55-44B4-8401-61FE8F7B4C7F}.Debug|Any CPU.ActiveCfg = Debug|Any CPU
		{9A663AFA-AE55-44B4-8401-61FE8F7B4C7F}.Debug|Any CPU.Build.0 = Debug|Any CPU
		{9A663AFA-AE55-44B4-8401-61FE8F7B4C7F}.Release|Any CPU.ActiveCfg = Release|Any CPU
		{9A663AFA-AE55-44B4-8401-61FE8F7B4C7F}.Release|Any CPU.Build.0 = Release|Any CPU
	EndGlobalSection
	GlobalSection(SolutionProperties) = preSolution
		HideSolutionNode = FALSE
	EndGlobalSection
	GlobalSection(ExtensibilityGlobals) = postSolution
		SolutionGuid = {2EE0A1AF-F9C6-4136-A0BA-37870B3F0268}
	EndGlobalSection
EndGlobal
